
Microsoft Visual Studio Solution File, Format Version 12.00
# Visual Studio Version 16
VisualStudioVersion = 16.0.30225.117
MinimumVisualStudioVersion = 10.0.40219.1
Project("{FAE04EC0-301F-11D3-BF4B-00C04F79EFBC}") = "BrewjournalApp.Android", "BrewjournalApp\BrewjournalApp.Android\BrewjournalApp.Android.csproj", "{892C004E-C9DB-486F-86CE-7BF4F76E8C43}"
EndProject
Project("{FAE04EC0-301F-11D3-BF4B-00C04F79EFBC}") = "BrewjournalApp.iOS", "BrewjournalApp\BrewjournalApp.iOS\BrewjournalApp.iOS.csproj", "{E47E60C5-1972-41C7-864A-5C55ACE6131B}"
EndProject
Project("{FAE04EC0-301F-11D3-BF4B-00C04F79EFBC}") = "BrewjournalApp", "BrewjournalApp\BrewjournalApp\BrewjournalApp.csproj", "{B474E117-BC90-456B-BD9A-6C8616A9178C}"
EndProject
Global
	GlobalSection(SolutionConfigurationPlatforms) = preSolution
		Debug|Any CPU = Debug|Any CPU
		Debug|iPhone = Debug|iPhone
		Debug|iPhoneSimulator = Debug|iPhoneSimulator
		Release|Any CPU = Release|Any CPU
		Release|iPhone = Release|iPhone
		Release|iPhoneSimulator = Release|iPhoneSimulator
	EndGlobalSection
	GlobalSection(ProjectConfigurationPlatforms) = postSolution
		{892C004E-C9DB-486F-86CE-7BF4F76E8C43}.Debug|Any CPU.ActiveCfg = Debug|Any CPU
		{892C004E-C9DB-486F-86CE-7BF4F76E8C43}.Debug|Any CPU.Build.0 = Debug|Any CPU
		{892C004E-C9DB-486F-86CE-7BF4F76E8C43}.Debug|Any CPU.Deploy.0 = Debug|Any CPU
		{892C004E-C9DB-486F-86CE-7BF4F76E8C43}.Debug|iPhone.ActiveCfg = Debug|Any CPU
		{892C004E-C9DB-486F-86CE-7BF4F76E8C43}.Debug|iPhone.Build.0 = Debug|Any CPU
		{892C004E-C9DB-486F-86CE-7BF4F76E8C43}.Debug|iPhone.Deploy.0 = Debug|Any CPU
		{892C004E-C9DB-486F-86CE-7BF4F76E8C43}.Debug|iPhoneSimulator.ActiveCfg = Debug|Any CPU
		{892C004E-C9DB-486F-86CE-7BF4F76E8C43}.Debug|iPhoneSimulator.Build.0 = Debug|Any CPU
		{892C004E-C9DB-486F-86CE-7BF4F76E8C43}.Debug|iPhoneSimulator.Deploy.0 = Debug|Any CPU
		{892C004E-C9DB-486F-86CE-7BF4F76E8C43}.Release|Any CPU.ActiveCfg = Release|Any CPU
		{892C004E-C9DB-486F-86CE-7BF4F76E8C43}.Release|Any CPU.Build.0 = Release|Any CPU
		{892C004E-C9DB-486F-86CE-7BF4F76E8C43}.Release|Any CPU.Deploy.0 = Release|Any CPU
		{892C004E-C9DB-486F-86CE-7BF4F76E8C43}.Release|iPhone.ActiveCfg = Release|Any CPU
		{892C004E-C9DB-486F-86CE-7BF4F76E8C43}.Release|iPhone.Build.0 = Release|Any CPU
		{892C004E-C9DB-486F-86CE-7BF4F76E8C43}.Release|iPhone.Deploy.0 = Release|Any CPU
		{892C004E-C9DB-486F-86CE-7BF4F76E8C43}.Release|iPhoneSimulator.ActiveCfg = Release|Any CPU
		{892C004E-C9DB-486F-86CE-7BF4F76E8C43}.Release|iPhoneSimulator.Build.0 = Release|Any CPU
		{892C004E-C9DB-486F-86CE-7BF4F76E8C43}.Release|iPhoneSimulator.Deploy.0 = Release|Any CPU
		{E47E60C5-1972-41C7-864A-5C55ACE6131B}.Debug|Any CPU.ActiveCfg = Debug|iPhone
		{E47E60C5-1972-41C7-864A-5C55ACE6131B}.Debug|Any CPU.Build.0 = Debug|iPhone
		{E47E60C5-1972-41C7-864A-5C55ACE6131B}.Debug|Any CPU.Deploy.0 = Debug|iPhone
		{E47E60C5-1972-41C7-864A-5C55ACE6131B}.Debug|iPhone.ActiveCfg = Debug|iPhone
		{E47E60C5-1972-41C7-864A-5C55ACE6131B}.Debug|iPhone.Build.0 = Debug|iPhone
		{E47E60C5-1972-41C7-864A-5C55ACE6131B}.Debug|iPhone.Deploy.0 = Debug|iPhone
		{E47E60C5-1972-41C7-864A-5C55ACE6131B}.Debug|iPhoneSimulator.ActiveCfg = Debug|iPhoneSimulator
		{E47E60C5-1972-41C7-864A-5C55ACE6131B}.Debug|iPhoneSimulator.Build.0 = Debug|iPhoneSimulator
		{E47E60C5-1972-41C7-864A-5C55ACE6131B}.Debug|iPhoneSimulator.Deploy.0 = Debug|iPhoneSimulator
		{E47E60C5-1972-41C7-864A-5C55ACE6131B}.Release|Any CPU.ActiveCfg = Release|iPhone
		{E47E60C5-1972-41C7-864A-5C55ACE6131B}.Release|Any CPU.Build.0 = Release|iPhone
		{E47E60C5-1972-41C7-864A-5C55ACE6131B}.Release|Any CPU.Deploy.0 = Release|iPhone
		{E47E60C5-1972-41C7-864A-5C55ACE6131B}.Release|iPhone.ActiveCfg = Release|iPhone
		{E47E60C5-1972-41C7-864A-5C55ACE6131B}.Release|iPhone.Build.0 = Release|iPhone
		{E47E60C5-1972-41C7-864A-5C55ACE6131B}.Release|iPhone.Deploy.0 = Release|iPhone
		{E47E60C5-1972-41C7-864A-5C55ACE6131B}.Release|iPhoneSimulator.ActiveCfg = Release|iPhoneSimulator
		{E47E60C5-1972-41C7-864A-5C55ACE6131B}.Release|iPhoneSimulator.Build.0 = Release|iPhoneSimulator
		{E47E60C5-1972-41C7-864A-5C55ACE6131B}.Release|iPhoneSimulator.Deploy.0 = Release|iPhoneSimulator
		{B474E117-BC90-456B-BD9A-6C8616A9178C}.Debug|Any CPU.ActiveCfg = Debug|Any CPU
		{B474E117-BC90-456B-BD9A-6C8616A9178C}.Debug|Any CPU.Build.0 = Debug|Any CPU
		{B474E117-BC90-456B-BD9A-6C8616A9178C}.Debug|Any CPU.Deploy.0 = Debug|Any CPU
		{B474E117-BC90-456B-BD9A-6C8616A9178C}.Debug|iPhone.ActiveCfg = Debug|Any CPU
		{B474E117-BC90-456B-BD9A-6C8616A9178C}.Debug|iPhone.Build.0 = Debug|Any CPU
		{B474E117-BC90-456B-BD9A-6C8616A9178C}.Debug|iPhone.Deploy.0 = Debug|Any CPU
		{B474E117-BC90-456B-BD9A-6C8616A9178C}.Debug|iPhoneSimulator.ActiveCfg = Debug|Any CPU
		{B474E117-BC90-456B-BD9A-6C8616A9178C}.Debug|iPhoneSimulator.Build.0 = Debug|Any CPU
		{B474E117-BC90-456B-BD9A-6C8616A9178C}.Debug|iPhoneSimulator.Deploy.0 = Debug|Any CPU
		{B474E117-BC90-456B-BD9A-6C8616A9178C}.Release|Any CPU.ActiveCfg = Release|Any CPU
		{B474E117-BC90-456B-BD9A-6C8616A9178C}.Release|Any CPU.Build.0 = Release|Any CPU
		{B474E117-BC90-456B-BD9A-6C8616A9178C}.Release|Any CPU.Deploy.0 = Release|Any CPU
		{B474E117-BC90-456B-BD9A-6C8616A9178C}.Release|iPhone.ActiveCfg = Release|Any CPU
		{B474E117-BC90-456B-BD9A-6C8616A9178C}.Release|iPhone.Build.0 = Release|Any CPU
		{B474E117-BC90-456B-BD9A-6C8616A9178C}.Release|iPhone.Deploy.0 = Release|Any CPU
		{B474E117-BC90-456B-BD9A-6C8616A9178C}.Release|iPhoneSimulator.ActiveCfg = Release|Any CPU
		{B474E117-BC90-456B-BD9A-6C8616A9178C}.Release|iPhoneSimulator.Build.0 = Release|Any CPU
		{B474E117-BC90-456B-BD9A-6C8616A9178C}.Release|iPhoneSimulator.Deploy.0 = Release|Any CPU
	EndGlobalSection
	GlobalSection(SolutionProperties) = preSolution
		HideSolutionNode = FALSE
	EndGlobalSection
	GlobalSection(ExtensibilityGlobals) = postSolution
		SolutionGuid = {8A690F2C-C9CD-4680-978C-0A329F3BF590}
	EndGlobalSection
EndGlobal
